
Microsoft Visual Studio Solution File, Format Version 12.00
# Visual Studio Version 17
VisualStudioVersion = 17.1.32228.430
MinimumVisualStudioVersion = 10.0.40219.1
Project("{FAE04EC0-301F-11D3-BF4B-00C04F79EFBC}") = "CalculadoraIMC", "CalculadoraIMC\CalculadoraIMC.csproj", "{5565BB7A-9C8F-479A-B1C1-4CD2E5E86FA3}"
EndProject
Global
	GlobalSection(SolutionConfigurationPlatforms) = preSolution
		Debug|Any CPU = Debug|Any CPU
		Release|Any CPU = Release|Any CPU
	EndGlobalSection
	GlobalSection(ProjectConfigurationPlatforms) = postSolution
		{5565BB7A-9C8F-479A-B1C1-4CD2E5E86FA3}.Debug|Any CPU.ActiveCfg = Debug|Any CPU
		{5565BB7A-9C8F-479A-B1C1-4CD2E5E86FA3}.Debug|Any CPU.Build.0 = Debug|Any CPU
		{5565BB7A-9C8F-479A-B1C1-4CD2E5E86FA3}.Release|Any CPU.ActiveCfg = Release|Any CPU
		{5565BB7A-9C8F-479A-B1C1-4CD2E5E86FA3}.Release|Any CPU.Build.0 = Release|Any CPU
	EndGlobalSection
	GlobalSection(SolutionProperties) = preSolution
		HideSolutionNode = FALSE
	EndGlobalSection
	GlobalSection(ExtensibilityGlobals) = postSolution
		SolutionGuid = {948448E8-18D8-486D-9418-A909BF97434F}
	EndGlobalSection
EndGlobal
